
Microsoft Visual Studio Solution File, Format Version 12.00
# Visual Studio Version 17
VisualStudioVersion = 17.6.33829.357
MinimumVisualStudioVersion = 10.0.40219.1
Project("{FAE04EC0-301F-11D3-BF4B-00C04F79EFBC}") = "OOP_Principles_2", "OOP_Principles_2\OOP_Principles_2.csproj", "{484081E3-2732-4C9F-B616-2C40D1C58B04}"
EndProject
Global
	GlobalSection(SolutionConfigurationPlatforms) = preSolution
		Debug|Any CPU = Debug|Any CPU
		Release|Any CPU = Release|Any CPU
	EndGlobalSection
	GlobalSection(ProjectConfigurationPlatforms) = postSolution
		{484081E3-2732-4C9F-B616-2C40D1C58B04}.Debug|Any CPU.ActiveCfg = Debug|Any CPU
		{484081E3-2732-4C9F-B616-2C40D1C58B04}.Debug|Any CPU.Build.0 = Debug|Any CPU
		{484081E3-2732-4C9F-B616-2C40D1C58B04}.Release|Any CPU.ActiveCfg = Release|Any CPU
		{484081E3-2732-4C9F-B616-2C40D1C58B04}.Release|Any CPU.Build.0 = Release|Any CPU
	EndGlobalSection
	GlobalSection(SolutionProperties) = preSolution
		HideSolutionNode = FALSE
	EndGlobalSection
	GlobalSection(ExtensibilityGlobals) = postSolution
		SolutionGuid = {5B5D1578-C84F-42D7-B395-EAC79C5EFDF8}
	EndGlobalSection
EndGlobal
